
Microsoft Visual Studio Solution File, Format Version 12.00
# Visual Studio Version 17
VisualStudioVersion = 17.7.34221.43
MinimumVisualStudioVersion = 10.0.40219.1
Project("{9A19103F-16F7-4668-BE54-9A1E7A4F7556}") = "Client Scarabeo", "Client Scarabeo.csproj", "{03C67681-975F-4E36-9EA2-584CCEEDD54D}"
EndProject
Global
	GlobalSection(SolutionConfigurationPlatforms) = preSolution
		Debug|Any CPU = Debug|Any CPU
		Release|Any CPU = Release|Any CPU
	EndGlobalSection
	GlobalSection(ProjectConfigurationPlatforms) = postSolution
		{03C67681-975F-4E36-9EA2-584CCEEDD54D}.Debug|Any CPU.ActiveCfg = Debug|Any CPU
		{03C67681-975F-4E36-9EA2-584CCEEDD54D}.Debug|Any CPU.Build.0 = Debug|Any CPU
		{03C67681-975F-4E36-9EA2-584CCEEDD54D}.Release|Any CPU.ActiveCfg = Release|Any CPU
		{03C67681-975F-4E36-9EA2-584CCEEDD54D}.Release|Any CPU.Build.0 = Release|Any CPU
	EndGlobalSection
	GlobalSection(SolutionProperties) = preSolution
		HideSolutionNode = FALSE
	EndGlobalSection
	GlobalSection(ExtensibilityGlobals) = postSolution
		SolutionGuid = {B1ACF4B8-5511-41FC-87C3-A27164577349}
	EndGlobalSection
EndGlobal
